
Microsoft Visual Studio Solution File, Format Version 12.00
# Visual Studio Version 17
VisualStudioVersion = 17.7.34009.444
MinimumVisualStudioVersion = 10.0.40219.1
Project("{FAE04EC0-301F-11D3-BF4B-00C04F79EFBC}") = "ProjetSeries", "ProjetSeries.csproj", "{430B9045-1F77-449F-912B-29D952FEC402}"
EndProject
Global
	GlobalSection(SolutionConfigurationPlatforms) = preSolution
		Debug|Any CPU = Debug|Any CPU
		Release|Any CPU = Release|Any CPU
	EndGlobalSection
	GlobalSection(ProjectConfigurationPlatforms) = postSolution
		{430B9045-1F77-449F-912B-29D952FEC402}.Debug|Any CPU.ActiveCfg = Debug|Any CPU
		{430B9045-1F77-449F-912B-29D952FEC402}.Debug|Any CPU.Build.0 = Debug|Any CPU
		{430B9045-1F77-449F-912B-29D952FEC402}.Release|Any CPU.ActiveCfg = Release|Any CPU
		{430B9045-1F77-449F-912B-29D952FEC402}.Release|Any CPU.Build.0 = Release|Any CPU
	EndGlobalSection
	GlobalSection(SolutionProperties) = preSolution
		HideSolutionNode = FALSE
	EndGlobalSection
	GlobalSection(ExtensibilityGlobals) = postSolution
		SolutionGuid = {F4B7D658-99DC-4119-B0BD-F8F28974BC9A}
	EndGlobalSection
EndGlobal
